
Microsoft Visual Studio Solution File, Format Version 12.00
# Visual Studio Version 16
VisualStudioVersion = 16.0.31112.23
MinimumVisualStudioVersion = 10.0.40219.1
Project("{FAE04EC0-301F-11D3-BF4B-00C04F79EFBC}") = "Games", "Games\Games.csproj", "{9B933DB4-F5C7-4579-858D-E2D7BB740725}"
EndProject
Global
	GlobalSection(SolutionConfigurationPlatforms) = preSolution
		Debug|Any CPU = Debug|Any CPU
		Release|Any CPU = Release|Any CPU
	EndGlobalSection
	GlobalSection(ProjectConfigurationPlatforms) = postSolution
		{9B933DB4-F5C7-4579-858D-E2D7BB740725}.Debug|Any CPU.ActiveCfg = Debug|Any CPU
		{9B933DB4-F5C7-4579-858D-E2D7BB740725}.Debug|Any CPU.Build.0 = Debug|Any CPU
		{9B933DB4-F5C7-4579-858D-E2D7BB740725}.Release|Any CPU.ActiveCfg = Release|Any CPU
		{9B933DB4-F5C7-4579-858D-E2D7BB740725}.Release|Any CPU.Build.0 = Release|Any CPU
	EndGlobalSection
	GlobalSection(SolutionProperties) = preSolution
		HideSolutionNode = FALSE
	EndGlobalSection
	GlobalSection(ExtensibilityGlobals) = postSolution
		SolutionGuid = {69172B90-6A7E-428D-BDA3-BC052782D23D}
	EndGlobalSection
EndGlobal
